
Microsoft Visual Studio Solution File, Format Version 12.00
# Visual Studio Version 17
VisualStudioVersion = 17.13.35919.96 d17.13
MinimumVisualStudioVersion = 10.0.40219.1
Project("{FAE04EC0-301F-11D3-BF4B-00C04F79EFBC}") = "PowerOfNumbers", "PowerOfNumbers\PowerOfNumbers.csproj", "{36E48EAD-D76D-40E1-AAC3-7BD4E623142B}"
EndProject
Project("{FAE04EC0-301F-11D3-BF4B-00C04F79EFBC}") = "MultiplicationTable", "MultiplicationTable\MultiplicationTable.csproj", "{3CC7D0F7-2149-4371-B4A8-52F0BF1CE7D3}"
EndProject
Project("{FAE04EC0-301F-11D3-BF4B-00C04F79EFBC}") = "BiggestNumber", "BiggestNumber\BiggestNumber.csproj", "{09D169E9-A2B7-41C0-BDE1-9638FDD8B455}"
EndProject
Project("{FAE04EC0-301F-11D3-BF4B-00C04F79EFBC}") = "VowelSum", "VowelSum\VowelSum.csproj", "{AF46E1C3-D1E1-42E7-B449-5DCC8828183E}"
EndProject
Project("{FAE04EC0-301F-11D3-BF4B-00C04F79EFBC}") = "DivisionTo2Or3Or4", "DivisionTo2Or3Or4\DivisionTo2Or3Or4.csproj", "{8803830D-8645-4EFF-9FCF-FB234221C80A}"
EndProject
Project("{FAE04EC0-301F-11D3-BF4B-00C04F79EFBC}") = "SpecialNumber", "SpecialNumber\SpecialNumber.csproj", "{9B3EBAD5-AD62-43A8-8E8E-F1F59B9E861E}"
EndProject
Project("{FAE04EC0-301F-11D3-BF4B-00C04F79EFBC}") = "SpecialBonus", "SpecialBonus\SpecialBonus.csproj", "{81779D28-862D-41F0-8CBA-B3BD7D484882}"
EndProject
Project("{FAE04EC0-301F-11D3-BF4B-00C04F79EFBC}") = "AccountBalance", "AccountBalance\AccountBalance.csproj", "{6F990E1F-0EE2-4414-8374-472AC26A4610}"
EndProject
Global
	GlobalSection(SolutionConfigurationPlatforms) = preSolution
		Debug|Any CPU = Debug|Any CPU
		Release|Any CPU = Release|Any CPU
	EndGlobalSection
	GlobalSection(ProjectConfigurationPlatforms) = postSolution
		{36E48EAD-D76D-40E1-AAC3-7BD4E623142B}.Debug|Any CPU.ActiveCfg = Debug|Any CPU
		{36E48EAD-D76D-40E1-AAC3-7BD4E623142B}.Debug|Any CPU.Build.0 = Debug|Any CPU
		{36E48EAD-D76D-40E1-AAC3-7BD4E623142B}.Release|Any CPU.ActiveCfg = Release|Any CPU
		{36E48EAD-D76D-40E1-AAC3-7BD4E623142B}.Release|Any CPU.Build.0 = Release|Any CPU
		{3CC7D0F7-2149-4371-B4A8-52F0BF1CE7D3}.Debug|Any CPU.ActiveCfg = Debug|Any CPU
		{3CC7D0F7-2149-4371-B4A8-52F0BF1CE7D3}.Debug|Any CPU.Build.0 = Debug|Any CPU
		{3CC7D0F7-2149-4371-B4A8-52F0BF1CE7D3}.Release|Any CPU.ActiveCfg = Release|Any CPU
		{3CC7D0F7-2149-4371-B4A8-52F0BF1CE7D3}.Release|Any CPU.Build.0 = Release|Any CPU
		{09D169E9-A2B7-41C0-BDE1-9638FDD8B455}.Debug|Any CPU.ActiveCfg = Debug|Any CPU
		{09D169E9-A2B7-41C0-BDE1-9638FDD8B455}.Debug|Any CPU.Build.0 = Debug|Any CPU
		{09D169E9-A2B7-41C0-BDE1-9638FDD8B455}.Release|Any CPU.ActiveCfg = Release|Any CPU
		{09D169E9-A2B7-41C0-BDE1-9638FDD8B455}.Release|Any CPU.Build.0 = Release|Any CPU
		{AF46E1C3-D1E1-42E7-B449-5DCC8828183E}.Debug|Any CPU.ActiveCfg = Debug|Any CPU
		{AF46E1C3-D1E1-42E7-B449-5DCC8828183E}.Debug|Any CPU.Build.0 = Debug|Any CPU
		{AF46E1C3-D1E1-42E7-B449-5DCC8828183E}.Release|Any CPU.ActiveCfg = Release|Any CPU
		{AF46E1C3-D1E1-42E7-B449-5DCC8828183E}.Release|Any CPU.Build.0 = Release|Any CPU
		{8803830D-8645-4EFF-9FCF-FB234221C80A}.Debug|Any CPU.ActiveCfg = Debug|Any CPU
		{8803830D-8645-4EFF-9FCF-FB234221C80A}.Debug|Any CPU.Build.0 = Debug|Any CPU
		{8803830D-8645-4EFF-9FCF-FB234221C80A}.Release|Any CPU.ActiveCfg = Release|Any CPU
		{8803830D-8645-4EFF-9FCF-FB234221C80A}.Release|Any CPU.Build.0 = Release|Any CPU
		{9B3EBAD5-AD62-43A8-8E8E-F1F59B9E861E}.Debug|Any CPU.ActiveCfg = Debug|Any CPU
		{9B3EBAD5-AD62-43A8-8E8E-F1F59B9E861E}.Debug|Any CPU.Build.0 = Debug|Any CPU
		{9B3EBAD5-AD62-43A8-8E8E-F1F59B9E861E}.Release|Any CPU.ActiveCfg = Release|Any CPU
		{9B3EBAD5-AD62-43A8-8E8E-F1F59B9E861E}.Release|Any CPU.Build.0 = Release|Any CPU
		{81779D28-862D-41F0-8CBA-B3BD7D484882}.Debug|Any CPU.ActiveCfg = Debug|Any CPU
		{81779D28-862D-41F0-8CBA-B3BD7D484882}.Debug|Any CPU.Build.0 = Debug|Any CPU
		{81779D28-862D-41F0-8CBA-B3BD7D484882}.Release|Any CPU.ActiveCfg = Release|Any CPU
		{81779D28-862D-41F0-8CBA-B3BD7D484882}.Release|Any CPU.Build.0 = Release|Any CPU
		{6F990E1F-0EE2-4414-8374-472AC26A4610}.Debug|Any CPU.ActiveCfg = Debug|Any CPU
		{6F990E1F-0EE2-4414-8374-472AC26A4610}.Debug|Any CPU.Build.0 = Debug|Any CPU
		{6F990E1F-0EE2-4414-8374-472AC26A4610}.Release|Any CPU.ActiveCfg = Release|Any CPU
		{6F990E1F-0EE2-4414-8374-472AC26A4610}.Release|Any CPU.Build.0 = Release|Any CPU
	EndGlobalSection
	GlobalSection(SolutionProperties) = preSolution
		HideSolutionNode = FALSE
	EndGlobalSection
	GlobalSection(ExtensibilityGlobals) = postSolution
		SolutionGuid = {E790FF6F-9CA2-4DD6-B8F5-AF27D4AA6D01}
	EndGlobalSection
EndGlobal
