
Microsoft Visual Studio Solution File, Format Version 12.00
# Visual Studio Version 17
VisualStudioVersion = 17.13.35919.96 d17.13
MinimumVisualStudioVersion = 10.0.40219.1
Project("{FAE04EC0-301F-11D3-BF4B-00C04F79EFBC}") = "CalculateSumPrimeNumbers", "CalculateSumPrimeNumbers\CalculateSumPrimeNumbers.csproj", "{05D68C87-C90E-4CD1-9C17-A9D7B5F5B6D5}"
EndProject
Project("{FAE04EC0-301F-11D3-BF4B-00C04F79EFBC}") = "BiggerNumbers", "BiggerNumbers\BiggerNumbers.csproj", "{2BECA507-1299-4153-AF77-68E7DA8DC19D}"
EndProject
Global
	GlobalSection(SolutionConfigurationPlatforms) = preSolution
		Debug|Any CPU = Debug|Any CPU
		Release|Any CPU = Release|Any CPU
	EndGlobalSection
	GlobalSection(ProjectConfigurationPlatforms) = postSolution
		{05D68C87-C90E-4CD1-9C17-A9D7B5F5B6D5}.Debug|Any CPU.ActiveCfg = Debug|Any CPU
		{05D68C87-C90E-4CD1-9C17-A9D7B5F5B6D5}.Debug|Any CPU.Build.0 = Debug|Any CPU
		{05D68C87-C90E-4CD1-9C17-A9D7B5F5B6D5}.Release|Any CPU.ActiveCfg = Release|Any CPU
		{05D68C87-C90E-4CD1-9C17-A9D7B5F5B6D5}.Release|Any CPU.Build.0 = Release|Any CPU
		{2BECA507-1299-4153-AF77-68E7DA8DC19D}.Debug|Any CPU.ActiveCfg = Debug|Any CPU
		{2BECA507-1299-4153-AF77-68E7DA8DC19D}.Debug|Any CPU.Build.0 = Debug|Any CPU
		{2BECA507-1299-4153-AF77-68E7DA8DC19D}.Release|Any CPU.ActiveCfg = Release|Any CPU
		{2BECA507-1299-4153-AF77-68E7DA8DC19D}.Release|Any CPU.Build.0 = Release|Any CPU
	EndGlobalSection
	GlobalSection(SolutionProperties) = preSolution
		HideSolutionNode = FALSE
	EndGlobalSection
	GlobalSection(ExtensibilityGlobals) = postSolution
		SolutionGuid = {42B80897-7F10-4491-95E6-BEAEE7577E45}
	EndGlobalSection
EndGlobal
