
Microsoft Visual Studio Solution File, Format Version 12.00
# Visual Studio Version 17
VisualStudioVersion = 17.13.35919.96 d17.13
MinimumVisualStudioVersion = 10.0.40219.1
Project("{FAE04EC0-301F-11D3-BF4B-00C04F79EFBC}") = "ChangeList", "ChangeList\ChangeList.csproj", "{BD4E7A1F-4F8E-456D-848D-858239DFDA7F}"
EndProject
Project("{FAE04EC0-301F-11D3-BF4B-00C04F79EFBC}") = "ListOfProducts", "ListOfProducts\ListOfProducts.csproj", "{ED8B2960-2A8A-4082-BB0A-8BB178BD0174}"
EndProject
Project("{FAE04EC0-301F-11D3-BF4B-00C04F79EFBC}") = "RemovesNegativesAndReverse", "RemovesNegativesAndReverse\RemovesNegativesAndReverse.csproj", "{9264C66F-4BE9-4E8F-AF95-BAAECCE43E0F}"
EndProject
Global
	GlobalSection(SolutionConfigurationPlatforms) = preSolution
		Debug|Any CPU = Debug|Any CPU
		Release|Any CPU = Release|Any CPU
	EndGlobalSection
	GlobalSection(ProjectConfigurationPlatforms) = postSolution
		{BD4E7A1F-4F8E-456D-848D-858239DFDA7F}.Debug|Any CPU.ActiveCfg = Debug|Any CPU
		{BD4E7A1F-4F8E-456D-848D-858239DFDA7F}.Debug|Any CPU.Build.0 = Debug|Any CPU
		{BD4E7A1F-4F8E-456D-848D-858239DFDA7F}.Release|Any CPU.ActiveCfg = Release|Any CPU
		{BD4E7A1F-4F8E-456D-848D-858239DFDA7F}.Release|Any CPU.Build.0 = Release|Any CPU
		{ED8B2960-2A8A-4082-BB0A-8BB178BD0174}.Debug|Any CPU.ActiveCfg = Debug|Any CPU
		{ED8B2960-2A8A-4082-BB0A-8BB178BD0174}.Debug|Any CPU.Build.0 = Debug|Any CPU
		{ED8B2960-2A8A-4082-BB0A-8BB178BD0174}.Release|Any CPU.ActiveCfg = Release|Any CPU
		{ED8B2960-2A8A-4082-BB0A-8BB178BD0174}.Release|Any CPU.Build.0 = Release|Any CPU
		{9264C66F-4BE9-4E8F-AF95-BAAECCE43E0F}.Debug|Any CPU.ActiveCfg = Debug|Any CPU
		{9264C66F-4BE9-4E8F-AF95-BAAECCE43E0F}.Debug|Any CPU.Build.0 = Debug|Any CPU
		{9264C66F-4BE9-4E8F-AF95-BAAECCE43E0F}.Release|Any CPU.ActiveCfg = Release|Any CPU
		{9264C66F-4BE9-4E8F-AF95-BAAECCE43E0F}.Release|Any CPU.Build.0 = Release|Any CPU
	EndGlobalSection
	GlobalSection(SolutionProperties) = preSolution
		HideSolutionNode = FALSE
	EndGlobalSection
	GlobalSection(ExtensibilityGlobals) = postSolution
		SolutionGuid = {59DCB105-9BAB-4803-8E99-2DED4E6DC1F2}
	EndGlobalSection
EndGlobal
